
Microsoft Visual Studio Solution File, Format Version 12.00
# Visual Studio Version 17
VisualStudioVersion = 17.7.34031.279
MinimumVisualStudioVersion = 10.0.40219.1
Project("{9A19103F-16F7-4668-BE54-9A1E7A4F7556}") = "TabelasDinamicas.Web", "TabelasDinamicas.Web\TabelasDinamicas.Web.csproj", "{66C3A374-DF5D-4BCB-AD7F-7D8A002C0725}"
EndProject
Project("{9A19103F-16F7-4668-BE54-9A1E7A4F7556}") = "TabelasDinamicas.Domain", "TabelasDinamicas.Domain\TabelasDinamicas.Domain.csproj", "{7F354BB6-A5EA-4A6C-BE78-0050F49C2332}"
EndProject
Project("{9A19103F-16F7-4668-BE54-9A1E7A4F7556}") = "TabelasDinamicas.Core", "TabelasDinamicas.Core\TabelasDinamicas.Core.csproj", "{E05D7440-DD68-4213-8778-84F94DE8B567}"
EndProject
Project("{9A19103F-16F7-4668-BE54-9A1E7A4F7556}") = "TabelasDinamicas.Data", "TabelasDinamicas.Data\TabelasDinamicas.Data.csproj", "{5245BFDD-CF18-4C83-A025-6EEA55BDE0D9}"
EndProject
Project("{FAE04EC0-301F-11D3-BF4B-00C04F79EFBC}") = "TabelasDinamicas.Application", "TabelasDinamicas.Application\TabelasDinamicas.Application.csproj", "{A2B56492-CD1D-408D-BF3E-413DC16BEBB6}"
EndProject
Global
	GlobalSection(SolutionConfigurationPlatforms) = preSolution
		Debug|Any CPU = Debug|Any CPU
		Release|Any CPU = Release|Any CPU
	EndGlobalSection
	GlobalSection(ProjectConfigurationPlatforms) = postSolution
		{66C3A374-DF5D-4BCB-AD7F-7D8A002C0725}.Debug|Any CPU.ActiveCfg = Debug|Any CPU
		{66C3A374-DF5D-4BCB-AD7F-7D8A002C0725}.Debug|Any CPU.Build.0 = Debug|Any CPU
		{66C3A374-DF5D-4BCB-AD7F-7D8A002C0725}.Release|Any CPU.ActiveCfg = Release|Any CPU
		{66C3A374-DF5D-4BCB-AD7F-7D8A002C0725}.Release|Any CPU.Build.0 = Release|Any CPU
		{7F354BB6-A5EA-4A6C-BE78-0050F49C2332}.Debug|Any CPU.ActiveCfg = Debug|Any CPU
		{7F354BB6-A5EA-4A6C-BE78-0050F49C2332}.Debug|Any CPU.Build.0 = Debug|Any CPU
		{7F354BB6-A5EA-4A6C-BE78-0050F49C2332}.Release|Any CPU.ActiveCfg = Release|Any CPU
		{7F354BB6-A5EA-4A6C-BE78-0050F49C2332}.Release|Any CPU.Build.0 = Release|Any CPU
		{E05D7440-DD68-4213-8778-84F94DE8B567}.Debug|Any CPU.ActiveCfg = Debug|Any CPU
		{E05D7440-DD68-4213-8778-84F94DE8B567}.Debug|Any CPU.Build.0 = Debug|Any CPU
		{E05D7440-DD68-4213-8778-84F94DE8B567}.Release|Any CPU.ActiveCfg = Release|Any CPU
		{E05D7440-DD68-4213-8778-84F94DE8B567}.Release|Any CPU.Build.0 = Release|Any CPU
		{5245BFDD-CF18-4C83-A025-6EEA55BDE0D9}.Debug|Any CPU.ActiveCfg = Debug|Any CPU
		{5245BFDD-CF18-4C83-A025-6EEA55BDE0D9}.Debug|Any CPU.Build.0 = Debug|Any CPU
		{5245BFDD-CF18-4C83-A025-6EEA55BDE0D9}.Release|Any CPU.ActiveCfg = Release|Any CPU
		{5245BFDD-CF18-4C83-A025-6EEA55BDE0D9}.Release|Any CPU.Build.0 = Release|Any CPU
		{A2B56492-CD1D-408D-BF3E-413DC16BEBB6}.Debug|Any CPU.ActiveCfg = Debug|Any CPU
		{A2B56492-CD1D-408D-BF3E-413DC16BEBB6}.Debug|Any CPU.Build.0 = Debug|Any CPU
		{A2B56492-CD1D-408D-BF3E-413DC16BEBB6}.Release|Any CPU.ActiveCfg = Release|Any CPU
		{A2B56492-CD1D-408D-BF3E-413DC16BEBB6}.Release|Any CPU.Build.0 = Release|Any CPU
	EndGlobalSection
	GlobalSection(SolutionProperties) = preSolution
		HideSolutionNode = FALSE
	EndGlobalSection
	GlobalSection(ExtensibilityGlobals) = postSolution
		SolutionGuid = {2258784C-2CAE-44ED-9CB7-87632EF487B3}
	EndGlobalSection
EndGlobal
